// !$*UTF8*$!
{
	archiveVersion = 1;
	classes = {
	};
	objectVersion = 46;
	objects = {

/* Begin PBXBuildFile section */
		88931C1D1BD5F80100A739C7 /* AppDelegate.swift in Sources */ = {isa = PBXBuildFile; fileRef = 88931C1C1BD5F80100A739C7 /* AppDelegate.swift */; };
		88931C1F1BD5F80100A739C7 /* ViewController.swift in Sources */ = {isa = PBXBuildFile; fileRef = 88931C1E1BD5F80100A739C7 /* ViewController.swift */; };
		88931C221BD5F80100A739C7 /* Main.storyboard in Resources */ = {isa = PBXBuildFile; fileRef = 88931C201BD5F80100A739C7 /* Main.storyboard */; };
		88931C251BD5F80100A739C7 /* instagram_clone.xcdatamodeld in Sources */ = {isa = PBXBuildFile; fileRef = 88931C231BD5F80100A739C7 /* instagram_clone.xcdatamodeld */; };
		88931C271BD5F80100A739C7 /* Assets.xcassets in Resources */ = {isa = PBXBuildFile; fileRef = 88931C261BD5F80100A739C7 /* Assets.xcassets */; };
		88931C2A1BD5F80100A739C7 /* LaunchScreen.storyboard in Resources */ = {isa = PBXBuildFile; fileRef = 88931C281BD5F80100A739C7 /* LaunchScreen.storyboard */; };
		88931C351BD5F80100A739C7 /* instagram_cloneTests.swift in Sources */ = {isa = PBXBuildFile; fileRef = 88931C341BD5F80100A739C7 /* instagram_cloneTests.swift */; };
		88931C401BD5F80100A739C7 /* instagram_cloneUITests.swift in Sources */ = {isa = PBXBuildFile; fileRef = 88931C3F1BD5F80100A739C7 /* instagram_cloneUITests.swift */; };
		88931C4E1BD8C12700A739C7 /* secrets.swift in Sources */ = {isa = PBXBuildFile; fileRef = 88931C4D1BD8C12700A739C7 /* secrets.swift */; settings = {ASSET_TAGS = (); }; };
		A717CFB2426A01D8FC06B16D /* Pods_instagram_clone.framework in Frameworks */ = {isa = PBXBuildFile; fileRef = 9F0A4418A1738B6F94EC1767 /* Pods_instagram_clone.framework */; };
/* End PBXBuildFile section */

/* Begin PBXContainerItemProxy section */
		88931C311BD5F80100A739C7 /* PBXContainerItemProxy */ = {
			isa = PBXContainerItemProxy;
			containerPortal = 88931C111BD5F80100A739C7 /* Project object */;
			proxyType = 1;
			remoteGlobalIDString = 88931C181BD5F80100A739C7;
			remoteInfo = "instagram-clone";
		};
		88931C3C1BD5F80100A739C7 /* PBXContainerItemProxy */ = {
			isa = PBXContainerItemProxy;
			containerPortal = 88931C111BD5F80100A739C7 /* Project object */;
			proxyType = 1;
			remoteGlobalIDString = 88931C181BD5F80100A739C7;
			remoteInfo = "instagram-clone";
		};
/* End PBXContainerItemProxy section */

/* Begin PBXFileReference section */
		3D41D4DAD2EEF722276A47D3 /* Pods-instagram-clone.debug.xcconfig */ = {isa = PBXFileReference; includeInIndex = 1; lastKnownFileType = text.xcconfig; name = "Pods-instagram-clone.debug.xcconfig"; path = "Pods/Target Support Files/Pods-instagram-clone/Pods-instagram-clone.debug.xcconfig"; sourceTree = "<group>"; };
		88931C191BD5F80100A739C7 /* instagram-clone.app */ = {isa = PBXFileReference; explicitFileType = wrapper.application; includeInIndex = 0; path = "instagram-clone.app"; sourceTree = BUILT_PRODUCTS_DIR; };
		88931C1C1BD5F80100A739C7 /* AppDelegate.swift */ = {isa = PBXFileReference; lastKnownFileType = sourcecode.swift; path = AppDelegate.swift; sourceTree = "<group>"; };
		88931C1E1BD5F80100A739C7 /* ViewController.swift */ = {isa = PBXFileReference; lastKnownFileType = sourcecode.swift; path = ViewController.swift; sourceTree = "<group>"; };
		88931C211BD5F80100A739C7 /* Base */ = {isa = PBXFileReference; lastKnownFileType = file.storyboard; name = Base; path = Base.lproj/Main.storyboard; sourceTree = "<group>"; };
		88931C241BD5F80100A739C7 /* instagram_clone.xcdatamodel */ = {isa = PBXFileReference; lastKnownFileType = wrapper.xcdatamodel; path = instagram_clone.xcdatamodel; sourceTree = "<group>"; };
		88931C261BD5F80100A739C7 /* Assets.xcassets */ = {isa = PBXFileReference; lastKnownFileType = folder.assetcatalog; path = Assets.xcassets; sourceTree = "<group>"; };
		88931C291BD5F80100A739C7 /* Base */ = {isa = PBXFileReference; lastKnownFileType = file.storyboard; name = Base; path = Base.lproj/LaunchScreen.storyboard; sourceTree = "<group>"; };
		88931C2B1BD5F80100A739C7 /* Info.plist */ = {isa = PBXFileReference; lastKnownFileType = text.plist.xml; path = Info.plist; sourceTree = "<group>"; };
		88931C301BD5F80100A739C7 /* instagram-cloneTests.xctest */ = {isa = PBXFileReference; explicitFileType = wrapper.cfbundle; includeInIndex = 0; path = "instagram-cloneTests.xctest"; sourceTree = BUILT_PRODUCTS_DIR; };
		88931C341BD5F80100A739C7 /* instagram_cloneTests.swift */ = {isa = PBXFileReference; lastKnownFileType = sourcecode.swift; path = instagram_cloneTests.swift; sourceTree = "<group>"; };
		88931C361BD5F80100A739C7 /* Info.plist */ = {isa = PBXFileReference; lastKnownFileType = text.plist.xml; path = Info.plist; sourceTree = "<group>"; };
		88931C3B1BD5F80100A739C7 /* instagram-cloneUITests.xctest */ = {isa = PBXFileReference; explicitFileType = wrapper.cfbundle; includeInIndex = 0; path = "instagram-cloneUITests.xctest"; sourceTree = BUILT_PRODUCTS_DIR; };
		88931C3F1BD5F80100A739C7 /* instagram_cloneUITests.swift */ = {isa = PBXFileReference; lastKnownFileType = sourcecode.swift; path = instagram_cloneUITests.swift; sourceTree = "<group>"; };
		88931C411BD5F80100A739C7 /* Info.plist */ = {isa = PBXFileReference; lastKnownFileType = text.plist.xml; path = Info.plist; sourceTree = "<group>"; };
		88931C4D1BD8C12700A739C7 /* secrets.swift */ = {isa = PBXFileReference; fileEncoding = 4; lastKnownFileType = sourcecode.swift; path = secrets.swift; sourceTree = "<group>"; };
		98301C87ABA2872B6FF2755C /* Pods-instagram-clone.release.xcconfig */ = {isa = PBXFileReference; includeInIndex = 1; lastKnownFileType = text.xcconfig; name = "Pods-instagram-clone.release.xcconfig"; path = "Pods/Target Support Files/Pods-instagram-clone/Pods-instagram-clone.release.xcconfig"; sourceTree = "<group>"; };
		9F0A4418A1738B6F94EC1767 /* Pods_instagram_clone.framework */ = {isa = PBXFileReference; explicitFileType = wrapper.framework; includeInIndex = 0; path = Pods_instagram_clone.framework; sourceTree = BUILT_PRODUCTS_DIR; };
/* End PBXFileReference section */

/* Begin PBXFrameworksBuildPhase section */
		88931C161BD5F80100A739C7 /* Frameworks */ = {
			isa = PBXFrameworksBuildPhase;
			buildActionMask = 2147483647;
			files = (
				A717CFB2426A01D8FC06B16D /* Pods_instagram_clone.framework in Frameworks */,
			);
			runOnlyForDeploymentPostprocessing = 0;
		};
		88931C2D1BD5F80100A739C7 /* Frameworks */ = {
			isa = PBXFrameworksBuildPhase;
			buildActionMask = 2147483647;
			files = (
			);
			runOnlyForDeploymentPostprocessing = 0;
		};
		88931C381BD5F80100A739C7 /* Frameworks */ = {
			isa = PBXFrameworksBuildPhase;
			buildActionMask = 2147483647;
			files = (
			);
			runOnlyForDeploymentPostprocessing = 0;
		};
/* End PBXFrameworksBuildPhase section */

/* Begin PBXGroup section */
		3AB55BAB62D2EA2471B93BDA /* Frameworks */ = {
			isa = PBXGroup;
			children = (
				9F0A4418A1738B6F94EC1767 /* Pods_instagram_clone.framework */,
			);
			name = Frameworks;
			sourceTree = "<group>";
		};
		7FC6912946D54A7F77CA7B69 /* Pods */ = {
			isa = PBXGroup;
			children = (
				3D41D4DAD2EEF722276A47D3 /* Pods-instagram-clone.debug.xcconfig */,
				98301C87ABA2872B6FF2755C /* Pods-instagram-clone.release.xcconfig */,
			);
			name = Pods;
			sourceTree = "<group>";
		};
		88931C101BD5F80100A739C7 = {
			isa = PBXGroup;
			children = (
				88931C1B1BD5F80100A739C7 /* instagram-clone */,
				88931C331BD5F80100A739C7 /* instagram-cloneTests */,
				88931C3E1BD5F80100A739C7 /* instagram-cloneUITests */,
				88931C1A1BD5F80100A739C7 /* Products */,
				7FC6912946D54A7F77CA7B69 /* Pods */,
				3AB55BAB62D2EA2471B93BDA /* Frameworks */,
			);
			sourceTree = "<group>";
		};
		88931C1A1BD5F80100A739C7 /* Products */ = {
			isa = PBXGroup;
			children = (
				88931C191BD5F80100A739C7 /* instagram-clone.app */,
				88931C301BD5F80100A739C7 /* instagram-cloneTests.xctest */,
				88931C3B1BD5F80100A739C7 /* instagram-cloneUITests.xctest */,
			);
			name = Products;
			sourceTree = "<group>";
		};
		88931C1B1BD5F80100A739C7 /* instagram-clone */ = {
			isa = PBXGroup;
			children = (
				88931C1C1BD5F80100A739C7 /* AppDelegate.swift */,
				88931C1E1BD5F80100A739C7 /* ViewController.swift */,
				88931C201BD5F80100A739C7 /* Main.storyboard */,
				88931C261BD5F80100A739C7 /* Assets.xcassets */,
				88931C281BD5F80100A739C7 /* LaunchScreen.storyboard */,
				88931C2B1BD5F80100A739C7 /* Info.plist */,
				88931C231BD5F80100A739C7 /* instagram_clone.xcdatamodeld */,
				88931C4D1BD8C12700A739C7 /* secrets.swift */,
			);
			path = "instagram-clone";
			sourceTree = "<group>";
		};
		88931C331BD5F80100A739C7 /* instagram-cloneTests */ = {
			isa = PBXGroup;
			children = (
				88931C341BD5F80100A739C7 /* instagram_cloneTests.swift */,
				88931C361BD5F80100A739C7 /* Info.plist */,
			);
			path = "instagram-cloneTests";
			sourceTree = "<group>";
		};
		88931C3E1BD5F80100A739C7 /* instagram-cloneUITests */ = {
			isa = PBXGroup;
			children = (
				88931C3F1BD5F80100A739C7 /* instagram_cloneUITests.swift */,
				88931C411BD5F80100A739C7 /* Info.plist */,
			);
			path = "instagram-cloneUITests";
			sourceTree = "<group>";
		};
/* End PBXGroup section */

/* Begin PBXNativeTarget section */
		88931C181BD5F80100A739C7 /* instagram-clone */ = {
			isa = PBXNativeTarget;
			buildConfigurationList = 88931C441BD5F80100A739C7 /* Build configuration list for PBXNativeTarget "instagram-clone" */;
			buildPhases = (
				655934CDA0655F47BFB85EC3 /* Check Pods Manifest.lock */,
				88931C151BD5F80100A739C7 /* Sources */,
				88931C161BD5F80100A739C7 /* Frameworks */,
				88931C171BD5F80100A739C7 /* Resources */,
				2DEFCC3E1A93F434ED7F9D77 /* Embed Pods Frameworks */,
				CECC7A59873743A9C063AE62 /* Copy Pods Resources */,
			);
			buildRules = (
			);
			dependencies = (
			);
			name = "instagram-clone";
			productName = "instagram-clone";
			productReference = 88931C191BD5F80100A739C7 /* instagram-clone.app */;
			productType = "com.apple.product-type.application";
		};
		88931C2F1BD5F80100A739C7 /* instagram-cloneTests */ = {
			isa = PBXNativeTarget;
			buildConfigurationList = 88931C471BD5F80100A739C7 /* Build configuration list for PBXNativeTarget "instagram-cloneTests" */;
			buildPhases = (
				88931C2C1BD5F80100A739C7 /* Sources */,
				88931C2D1BD5F80100A739C7 /* Frameworks */,
				88931C2E1BD5F80100A739C7 /* Resources */,
			);
			buildRules = (
			);
			dependencies = (
				88931C321BD5F80100A739C7 /* PBXTargetDependency */,
			);
			name = "instagram-cloneTests";
			productName = "instagram-cloneTests";
			productReference = 88931C301BD5F80100A739C7 /* instagram-cloneTests.xctest */;
			productType = "com.apple.product-type.bundle.unit-test";
		};
		88931C3A1BD5F80100A739C7 /* instagram-cloneUITests */ = {
			isa = PBXNativeTarget;
			buildConfigurationList = 88931C4A1BD5F80100A739C7 /* Build configuration list for PBXNativeTarget "instagram-cloneUITests" */;
			buildPhases = (
				88931C371BD5F80100A739C7 /* Sources */,
				88931C381BD5F80100A739C7 /* Frameworks */,
				88931C391BD5F80100A739C7 /* Resources */,
			);
			buildRules = (
			);
			dependencies = (
				88931C3D1BD5F80100A739C7 /* PBXTargetDependency */,
			);
			name = "instagram-cloneUITests";
			productName = "instagram-cloneUITests";
			productReference = 88931C3B1BD5F80100A739C7 /* instagram-cloneUITests.xctest */;
			productType = "com.apple.product-type.bundle.ui-testing";
		};
/* End PBXNativeTarget section */

/* Begin PBXProject section */
		88931C111BD5F80100A739C7 /* Project object */ = {
			isa = PBXProject;
			attributes = {
				LastUpgradeCheck = 0700;
				ORGANIZATIONNAME = Chowfun;
				TargetAttributes = {
					88931C181BD5F80100A739C7 = {
						CreatedOnToolsVersion = 7.0.1;
					};
					88931C2F1BD5F80100A739C7 = {
						CreatedOnToolsVersion = 7.0.1;
						TestTargetID = 88931C181BD5F80100A739C7;
					};
					88931C3A1BD5F80100A739C7 = {
						CreatedOnToolsVersion = 7.0.1;
						TestTargetID = 88931C181BD5F80100A739C7;
					};
				};
			};
			buildConfigurationList = 88931C141BD5F80100A739C7 /* Build configuration list for PBXProject "instagram-clone" */;
			compatibilityVersion = "Xcode 3.2";
			developmentRegion = English;
			hasScannedForEncodings = 0;
			knownRegions = (
				en,
				Base,
			);
			mainGroup = 88931C101BD5F80100A739C7;
			productRefGroup = 88931C1A1BD5F80100A739C7 /* Products */;
			projectDirPath = "";
			projectRoot = "";
			targets = (
				88931C181BD5F80100A739C7 /* instagram-clone */,
				88931C2F1BD5F80100A739C7 /* instagram-cloneTests */,
				88931C3A1BD5F80100A739C7 /* instagram-cloneUITests */,
			);
		};
/* End PBXProject section */

/* Begin PBXResourcesBuildPhase section */
		88931C171BD5F80100A739C7 /* Resources */ = {
			isa = PBXResourcesBuildPhase;
			buildActionMask = 2147483647;
			files = (
				88931C2A1BD5F80100A739C7 /* LaunchScreen.storyboard in Resources */,
				88931C271BD5F80100A739C7 /* Assets.xcassets in Resources */,
				88931C221BD5F80100A739C7 /* Main.storyboard in Resources */,
			);
			runOnlyForDeploymentPostprocessing = 0;
		};
		88931C2E1BD5F80100A739C7 /* Resources */ = {
			isa = PBXResourcesBuildPhase;
			buildActionMask = 2147483647;
			files = (
			);
			runOnlyForDeploymentPostprocessing = 0;
		};
		88931C391BD5F80100A739C7 /* Resources */ = {
			isa = PBXResourcesBuildPhase;
			buildActionMask = 2147483647;
			files = (
			);
			runOnlyForDeploymentPostprocessing = 0;
		};
/* End PBXResourcesBuildPhase section */

/* Begin PBXShellScriptBuildPhase section */
		2DEFCC3E1A93F434ED7F9D77 /* Embed Pods Frameworks */ = {
			isa = PBXShellScriptBuildPhase;
			buildActionMask = 2147483647;
			files = (
			);
			inputPaths = (
			);
			name = "Embed Pods Frameworks";
			outputPaths = (
			);
			runOnlyForDeploymentPostprocessing = 0;
			shellPath = /bin/sh;
			shellScript = "\"${SRCROOT}/Pods/Target Support Files/Pods-instagram-clone/Pods-instagram-clone-frameworks.sh\"\n";
			showEnvVarsInLog = 0;
		};
		655934CDA0655F47BFB85EC3 /* Check Pods Manifest.lock */ = {
			isa = PBXShellScriptBuildPhase;
			buildActionMask = 2147483647;
			files = (
			);
			inputPaths = (
			);
			name = "Check Pods Manifest.lock";
			outputPaths = (
			);
			runOnlyForDeploymentPostprocessing = 0;
			shellPath = /bin/sh;
			shellScript = "diff \"${PODS_ROOT}/../Podfile.lock\" \"${PODS_ROOT}/Manifest.lock\" > /dev/null\nif [[ $? != 0 ]] ; then\n    cat << EOM\nerror: The sandbox is not in sync with the Podfile.lock. Run 'pod install' or update your CocoaPods installation.\nEOM\n    exit 1\nfi\n";
			showEnvVarsInLog = 0;
		};
		CECC7A59873743A9C063AE62 /* Copy Pods Resources */ = {
			isa = PBXShellScriptBuildPhase;
			buildActionMask = 2147483647;
			files = (
			);
			inputPaths = (
			);
			name = "Copy Pods Resources";
			outputPaths = (
			);
			runOnlyForDeploymentPostprocessing = 0;
			shellPath = /bin/sh;
			shellScript = "\"${SRCROOT}/Pods/Target Support Files/Pods-instagram-clone/Pods-instagram-clone-resources.sh\"\n";
			showEnvVarsInLog = 0;
		};
/* End PBXShellScriptBuildPhase section */

/* Begin PBXSourcesBuildPhase section */
		88931C151BD5F80100A739C7 /* Sources */ = {
			isa = PBXSourcesBuildPhase;
			buildActionMask = 2147483647;
			files = (
				88931C1F1BD5F80100A739C7 /* ViewController.swift in Sources */,
				88931C4E1BD8C12700A739C7 /* secrets.swift in Sources */,
				88931C1D1BD5F80100A739C7 /* AppDelegate.swift in Sources */,
				88931C251BD5F80100A739C7 /* instagram_clone.xcdatamodeld in Sources */,
			);
			runOnlyForDeploymentPostprocessing = 0;
		};
		88931C2C1BD5F80100A739C7 /* Sources */ = {
			isa = PBXSourcesBuildPhase;
			buildActionMask = 2147483647;
			files = (
				88931C351BD5F80100A739C7 /* instagram_cloneTests.swift in Sources */,
			);
			runOnlyForDeploymentPostprocessing = 0;
		};
		88931C371BD5F80100A739C7 /* Sources */ = {
			isa = PBXSourcesBuildPhase;
			buildActionMask = 2147483647;
			files = (
				88931C401BD5F80100A739C7 /* instagram_cloneUITests.swift in Sources */,
			);
			runOnlyForDeploymentPostprocessing = 0;
		};
/* End PBXSourcesBuildPhase section */

/* Begin PBXTargetDependency section */
		88931C321BD5F80100A739C7 /* PBXTargetDependency */ = {
			isa = PBXTargetDependency;
			target = 88931C181BD5F80100A739C7 /* instagram-clone */;
			targetProxy = 88931C311BD5F80100A739C7 /* PBXContainerItemProxy */;
		};
		88931C3D1BD5F80100A739C7 /* PBXTargetDependency */ = {
			isa = PBXTargetDependency;
			target = 88931C181BD5F80100A739C7 /* instagram-clone */;
			targetProxy = 88931C3C1BD5F80100A739C7 /* PBXContainerItemProxy */;
		};
/* End PBXTargetDependency section */

/* Begin PBXVariantGroup section */
		88931C201BD5F80100A739C7 /* Main.storyboard */ = {
			isa = PBXVariantGroup;
			children = (
				88931C211BD5F80100A739C7 /* Base */,
			);
			name = Main.storyboard;
			sourceTree = "<group>";
		};
		88931C281BD5F80100A739C7 /* LaunchScreen.storyboard */ = {
			isa = PBXVariantGroup;
			children = (
				88931C291BD5F80100A739C7 /* Base */,
			);
			name = LaunchScreen.storyboard;
			sourceTree = "<group>";
		};
/* End PBXVariantGroup section */

/* Begin XCBuildConfiguration section */
		88931C421BD5F80100A739C7 /* Debug */ = {
			isa = XCBuildConfiguration;
			buildSettings = {
				ALWAYS_SEARCH_USER_PATHS = NO;
				CLANG_CXX_LANGUAGE_STANDARD = "gnu++0x";
				CLANG_CXX_LIBRARY = "libc++";
				CLANG_ENABLE_MODULES = YES;
				CLANG_ENABLE_OBJC_ARC = YES;
				CLANG_WARN_BOOL_CONVERSION = YES;
				CLANG_WARN_CONSTANT_CONVERSION = YES;
				CLANG_WARN_DIRECT_OBJC_ISA_USAGE = YES_ERROR;
				CLANG_WARN_EMPTY_BODY = YES;
				CLANG_WARN_ENUM_CONVERSION = YES;
				CLANG_WARN_INT_CONVERSION = YES;
				CLANG_WARN_OBJC_ROOT_CLASS = YES_ERROR;
				CLANG_WARN_UNREACHABLE_CODE = YES;
				CLANG_WARN__DUPLICATE_METHOD_MATCH = YES;
				"CODE_SIGN_IDENTITY[sdk=iphoneos*]" = "iPhone Developer";
				COPY_PHASE_STRIP = NO;
				DEBUG_INFORMATION_FORMAT = dwarf;
				ENABLE_STRICT_OBJC_MSGSEND = YES;
				ENABLE_TESTABILITY = YES;
				GCC_C_LANGUAGE_STANDARD = gnu99;
				GCC_DYNAMIC_NO_PIC = NO;
				GCC_NO_COMMON_BLOCKS = YES;
				GCC_OPTIMIZATION_LEVEL = 0;
				GCC_PREPROCESSOR_DEFINITIONS = (
					"DEBUG=1",
					"$(inherited)",
				);
				GCC_WARN_64_TO_32_BIT_CONVERSION = YES;
				GCC_WARN_ABOUT_RETURN_TYPE = YES_ERROR;
				GCC_WARN_UNDECLARED_SELECTOR = YES;
				GCC_WARN_UNINITIALIZED_AUTOS = YES_AGGRESSIVE;
				GCC_WARN_UNUSED_FUNCTION = YES;
				GCC_WARN_UNUSED_VARIABLE = YES;
				IPHONEOS_DEPLOYMENT_TARGET = 9.0;
				MTL_ENABLE_DEBUG_INFO = YES;
				ONLY_ACTIVE_ARCH = YES;
				SDKROOT = iphoneos;
				SWIFT_OPTIMIZATION_LEVEL = "-Onone";
			};
			name = Debug;
		};
		88931C431BD5F80100A739C7 /* Release */ = {
			isa = XCBuildConfiguration;
			buildSettings = {
				ALWAYS_SEARCH_USER_PATHS = NO;
				CLANG_CXX_LANGUAGE_STANDARD = "gnu++0x";
				CLANG_CXX_LIBRARY = "libc++";
				CLANG_ENABLE_MODULES = YES;
				CLANG_ENABLE_OBJC_ARC = YES;
				CLANG_WARN_BOOL_CONVERSION = YES;
				CLANG_WARN_CONSTANT_CONVERSION = YES;
				CLANG_WARN_DIRECT_OBJC_ISA_USAGE = YES_ERROR;
				CLANG_WARN_EMPTY_BODY = YES;
				CLANG_WARN_ENUM_CONVERSION = YES;
				CLANG_WARN_INT_CONVERSION = YES;
				CLANG_WARN_OBJC_ROOT_CLASS = YES_ERROR;
				CLANG_WARN_UNREACHABLE_CODE = YES;
				CLANG_WARN__DUPLICATE_METHOD_MATCH = YES;
				"CODE_SIGN_IDENTITY[sdk=iphoneos*]" = "iPhone Developer";
				COPY_PHASE_STRIP = NO;
				DEBUG_INFORMATION_FORMAT = "dwarf-with-dsym";
				ENABLE_NS_ASSERTIONS = NO;
				ENABLE_STRICT_OBJC_MSGSEND = YES;
				GCC_C_LANGUAGE_STANDARD = gnu99;
				GCC_NO_COMMON_BLOCKS = YES;
				GCC_WARN_64_TO_32_BIT_CONVERSION = YES;
				GCC_WARN_ABOUT_RETURN_TYPE = YES_ERROR;
				GCC_WARN_UNDECLARED_SELECTOR = YES;
				GCC_WARN_UNINITIALIZED_AUTOS = YES_AGGRESSIVE;
				GCC_WARN_UNUSED_FUNCTION = YES;
				GCC_WARN_UNUSED_VARIABLE = YES;
				IPHONEOS_DEPLOYMENT_TARGET = 9.0;
				MTL_ENABLE_DEBUG_INFO = NO;
				SDKROOT = iphoneos;
				VALIDATE_PRODUCT = YES;
			};
			name = Release;
		};
		88931C451BD5F80100A739C7 /* Debug */ = {
			isa = XCBuildConfiguration;
			baseConfigurationReference = 3D41D4DAD2EEF722276A47D3 /* Pods-instagram-clone.debug.xcconfig */;
			buildSettings = {
				ASSETCATALOG_COMPILER_APPICON_NAME = AppIcon;
				INFOPLIST_FILE = "instagram-clone/Info.plist";
				LD_RUNPATH_SEARCH_PATHS = "$(inherited) @executable_path/Frameworks";
				PRODUCT_BUNDLE_IDENTIFIER = "com.chowfun.instagram-clone";
				PRODUCT_NAME = "$(TARGET_NAME)";
			};
			name = Debug;
		};
		88931C461BD5F80100A739C7 /* Release */ = {
			isa = XCBuildConfiguration;
			baseConfigurationReference = 98301C87ABA2872B6FF2755C /* Pods-instagram-clone.release.xcconfig */;
			buildSettings = {
				ASSETCATALOG_COMPILER_APPICON_NAME = AppIcon;
				INFOPLIST_FILE = "instagram-clone/Info.plist";
				LD_RUNPATH_SEARCH_PATHS = "$(inherited) @executable_path/Frameworks";
				PRODUCT_BUNDLE_IDENTIFIER = "com.chowfun.instagram-clone";
				PRODUCT_NAME = "$(TARGET_NAME)";
			};
			name = Release;
		};
		88931C481BD5F80100A739C7 /* Debug */ = {
			isa = XCBuildConfiguration;
			buildSettings = {
				BUNDLE_LOADER = "$(TEST_HOST)";
				INFOPLIST_FILE = "instagram-cloneTests/Info.plist";
				LD_RUNPATH_SEARCH_PATHS = "$(inherited) @executable_path/Frameworks @loader_path/Frameworks";
				PRODUCT_BUNDLE_IDENTIFIER = "com.chowfun.instagram-cloneTests";
				PRODUCT_NAME = "$(TARGET_NAME)";
				TEST_HOST = "$(BUILT_PRODUCTS_DIR)/instagram-clone.app/instagram-clone";
			};
			name = Debug;
		};
		88931C491BD5F80100A739C7 /* Release */ = {
			isa = XCBuildConfiguration;
			buildSettings = {
				BUNDLE_LOADER = "$(TEST_HOST)";
				INFOPLIST_FILE = "instagram-cloneTests/Info.plist";
				LD_RUNPATH_SEARCH_PATHS = "$(inherited) @executable_path/Frameworks @loader_path/Frameworks";
				PRODUCT_BUNDLE_IDENTIFIER = "com.chowfun.instagram-cloneTests";
				PRODUCT_NAME = "$(TARGET_NAME)";
				TEST_HOST = "$(BUILT_PRODUCTS_DIR)/instagram-clone.app/instagram-clone";
			};
			name = Release;
		};
		88931C4B1BD5F80100A739C7 /* Debug */ = {
			isa = XCBuildConfiguration;
			buildSettings = {
				INFOPLIST_FILE = "instagram-cloneUITests/Info.plist";
				LD_RUNPATH_SEARCH_PATHS = "$(inherited) @executable_path/Frameworks @loader_path/Frameworks";
				PRODUCT_BUNDLE_IDENTIFIER = "com.chowfun.instagram-cloneUITests";
				PRODUCT_NAME = "$(TARGET_NAME)";
				TEST_TARGET_NAME = "instagram-clone";
				USES_XCTRUNNER = YES;
			};
			name = Debug;
		};
		88931C4C1BD5F80100A739C7 /* Release */ = {
			isa = XCBuildConfiguration;
			buildSettings = {
				INFOPLIST_FILE = "instagram-cloneUITests/Info.plist";
				LD_RUNPATH_SEARCH_PATHS = "$(inherited) @executable_path/Frameworks @loader_path/Frameworks";
				PRODUCT_BUNDLE_IDENTIFIER = "com.chowfun.instagram-cloneUITests";
				PRODUCT_NAME = "$(TARGET_NAME)";
				TEST_TARGET_NAME = "instagram-clone";
				USES_XCTRUNNER = YES;
			};
			name = Release;
		};
/* End XCBuildConfiguration section */

/* Begin XCConfigurationList section */
		88931C141BD5F80100A739C7 /* Build configuration list for PBXProject "instagram-clone" */ = {
			isa = XCConfigurationList;
			buildConfigurations = (
				88931C421BD5F80100A739C7 /* Debug */,
				88931C431BD5F80100A739C7 /* Release */,
			);
			defaultConfigurationIsVisible = 0;
			defaultConfigurationName = Release;
		};
		88931C441BD5F80100A739C7 /* Build configuration list for PBXNativeTarget "instagram-clone" */ = {
			isa = XCConfigurationList;
			buildConfigurations = (
				88931C451BD5F80100A739C7 /* Debug */,
				88931C461BD5F80100A739C7 /* Release */,
			);
			defaultConfigurationIsVisible = 0;
			defaultConfigurationName = Release;
		};
		88931C471BD5F80100A739C7 /* Build configuration list for PBXNativeTarget "instagram-cloneTests" */ = {
			isa = XCConfigurationList;
			buildConfigurations = (
				88931C481BD5F80100A739C7 /* Debug */,
				88931C491BD5F80100A739C7 /* Release */,
			);
			defaultConfigurationIsVisible = 0;
			defaultConfigurationName = Release;
		};
		88931C4A1BD5F80100A739C7 /* Build configuration list for PBXNativeTarget "instagram-cloneUITests" */ = {
			isa = XCConfigurationList;
			buildConfigurations = (
				88931C4B1BD5F80100A739C7 /* Debug */,
				88931C4C1BD5F80100A739C7 /* Release */,
			);
			defaultConfigurationIsVisible = 0;
			defaultConfigurationName = Release;
		};
/* End XCConfigurationList section */

/* Begin XCVersionGroup section */
		88931C231BD5F80100A739C7 /* instagram_clone.xcdatamodeld */ = {
			isa = XCVersionGroup;
			children = (
				88931C241BD5F80100A739C7 /* instagram_clone.xcdatamodel */,
			);
			currentVersion = 88931C241BD5F80100A739C7 /* instagram_clone.xcdatamodel */;
			path = instagram_clone.xcdatamodeld;
			sourceTree = "<group>";
			versionGroupType = wrapper.xcdatamodel;
		};
/* End XCVersionGroup section */
	};
	rootObject = 88931C111BD5F80100A739C7 /* Project object */;
}
